// !$*UTF8*$!
{
	archiveVersion = 1;
	classes = {
	};
	objectVersion = 56;
	objects = {

/* Begin PBXBuildFile section */
		E71399752C3C32810017385E /* Spending.swift in Sources */ = {isa = PBXBuildFile; fileRef = E71399742C3C32810017385E /* Spending.swift */; };
		E71399772C3C907E0017385E /* ChartEntry.swift in Sources */ = {isa = PBXBuildFile; fileRef = E71399762C3C907E0017385E /* ChartEntry.swift */; };
		E744BB362C36B933000FF33B /* Month.swift in Sources */ = {isa = PBXBuildFile; fileRef = E744BB352C36B933000FF33B /* Month.swift */; };
		E744BB382C36BB33000FF33B /* MonthName.swift in Sources */ = {isa = PBXBuildFile; fileRef = E744BB372C36BB33000FF33B /* MonthName.swift */; };
		E744BB3A2C36BEEF000FF33B /* PaymentType.swift in Sources */ = {isa = PBXBuildFile; fileRef = E744BB392C36BEEF000FF33B /* PaymentType.swift */; };
		E744BB3C2C36C013000FF33B /* PaymentCategory.swift in Sources */ = {isa = PBXBuildFile; fileRef = E744BB3B2C36C013000FF33B /* PaymentCategory.swift */; };
		E751B02C2C49617B007F473C /* DataExportService.swift in Sources */ = {isa = PBXBuildFile; fileRef = E751B02B2C49617B007F473C /* DataExportService.swift */; };
		E753CCD22C3D9FE90043D551 /* Currency.swift in Sources */ = {isa = PBXBuildFile; fileRef = E753CCD12C3D9FE90043D551 /* Currency.swift */; };
		E787448B2C47FC59001ED1C7 /* YearName.swift in Sources */ = {isa = PBXBuildFile; fileRef = E787448A2C47FC59001ED1C7 /* YearName.swift */; };
		E7926D4B2C52D01E001865D3 /* SettingsView.swift in Sources */ = {isa = PBXBuildFile; fileRef = E7926D4A2C52D01E001865D3 /* SettingsView.swift */; };
		E7926D4F2C52E9D7001865D3 /* DataParseService.swift in Sources */ = {isa = PBXBuildFile; fileRef = E7926D4E2C52E9D7001865D3 /* DataParseService.swift */; };
		E7BF90342C1E1BF3002A61CC /* LifeManagerApp.swift in Sources */ = {isa = PBXBuildFile; fileRef = E7BF90332C1E1BF3002A61CC /* LifeManagerApp.swift */; };
		E7BF90362C1E1BF3002A61CC /* ContentView.swift in Sources */ = {isa = PBXBuildFile; fileRef = E7BF90352C1E1BF3002A61CC /* ContentView.swift */; };
		E7BF90382C1E1BF4002A61CC /* Assets.xcassets in Resources */ = {isa = PBXBuildFile; fileRef = E7BF90372C1E1BF4002A61CC /* Assets.xcassets */; };
		E7BF903C2C1E1BF4002A61CC /* Preview Assets.xcassets in Resources */ = {isa = PBXBuildFile; fileRef = E7BF903B2C1E1BF4002A61CC /* Preview Assets.xcassets */; };
		E7BF905F2C1E2162002A61CC /* LICENSE.txt in Resources */ = {isa = PBXBuildFile; fileRef = E7BF90502C1E2162002A61CC /* LICENSE.txt */; };
		E7BF90602C1E2162002A61CC /* landmarkData.json in Resources */ = {isa = PBXBuildFile; fileRef = E7BF90522C1E2162002A61CC /* landmarkData.json */; };
		E7C92F082C344C5F001456E2 /* DropdownMenu.swift in Sources */ = {isa = PBXBuildFile; fileRef = E7C92F072C344C5F001456E2 /* DropdownMenu.swift */; };
		E7C92F0A2C347D75001456E2 /* TableView.swift in Sources */ = {isa = PBXBuildFile; fileRef = E7C92F092C347D75001456E2 /* TableView.swift */; };
		E7C92F0E2C34B7AD001456E2 /* CurrencyText.swift in Sources */ = {isa = PBXBuildFile; fileRef = E7C92F0D2C34B7AD001456E2 /* CurrencyText.swift */; };
		E7C92F102C34B91F001456E2 /* HeaderText.swift in Sources */ = {isa = PBXBuildFile; fileRef = E7C92F0F2C34B91F001456E2 /* HeaderText.swift */; };
		E7DE76D32C33141D002DE392 /* Payment.swift in Sources */ = {isa = PBXBuildFile; fileRef = E7DE76D22C33141D002DE392 /* Payment.swift */; };
		E7DE76D52C337489002DE392 /* PaymentRow.swift in Sources */ = {isa = PBXBuildFile; fileRef = E7DE76D42C337489002DE392 /* PaymentRow.swift */; };
		E7EA4A7C2C3889CF00F66E03 /* Year.swift in Sources */ = {isa = PBXBuildFile; fileRef = E7EA4A7B2C3889CF00F66E03 /* Year.swift */; };
		E7F566772C596D800029EB82 /* MainView.swift in Sources */ = {isa = PBXBuildFile; fileRef = E7F566762C596D800029EB82 /* MainView.swift */; };
/* End PBXBuildFile section */

/* Begin PBXFileReference section */
		E71399742C3C32810017385E /* Spending.swift */ = {isa = PBXFileReference; lastKnownFileType = sourcecode.swift; path = Spending.swift; sourceTree = "<group>"; };
		E71399762C3C907E0017385E /* ChartEntry.swift */ = {isa = PBXFileReference; lastKnownFileType = sourcecode.swift; path = ChartEntry.swift; sourceTree = "<group>"; };
		E744BB352C36B933000FF33B /* Month.swift */ = {isa = PBXFileReference; lastKnownFileType = sourcecode.swift; path = Month.swift; sourceTree = "<group>"; };
		E744BB372C36BB33000FF33B /* MonthName.swift */ = {isa = PBXFileReference; lastKnownFileType = sourcecode.swift; path = MonthName.swift; sourceTree = "<group>"; };
		E744BB392C36BEEF000FF33B /* PaymentType.swift */ = {isa = PBXFileReference; lastKnownFileType = sourcecode.swift; path = PaymentType.swift; sourceTree = "<group>"; };
		E744BB3B2C36C013000FF33B /* PaymentCategory.swift */ = {isa = PBXFileReference; lastKnownFileType = sourcecode.swift; path = PaymentCategory.swift; sourceTree = "<group>"; };
		E751B02B2C49617B007F473C /* DataExportService.swift */ = {isa = PBXFileReference; lastKnownFileType = sourcecode.swift; path = DataExportService.swift; sourceTree = "<group>"; };
		E753CCD12C3D9FE90043D551 /* Currency.swift */ = {isa = PBXFileReference; lastKnownFileType = sourcecode.swift; path = Currency.swift; sourceTree = "<group>"; };
		E787448A2C47FC59001ED1C7 /* YearName.swift */ = {isa = PBXFileReference; lastKnownFileType = sourcecode.swift; path = YearName.swift; sourceTree = "<group>"; };
		E7926D4A2C52D01E001865D3 /* SettingsView.swift */ = {isa = PBXFileReference; lastKnownFileType = sourcecode.swift; path = SettingsView.swift; sourceTree = "<group>"; };
		E7926D4E2C52E9D7001865D3 /* DataParseService.swift */ = {isa = PBXFileReference; lastKnownFileType = sourcecode.swift; path = DataParseService.swift; sourceTree = "<group>"; };
		E7BF90302C1E1BF3002A61CC /* LifeManager.app */ = {isa = PBXFileReference; explicitFileType = wrapper.application; includeInIndex = 0; path = LifeManager.app; sourceTree = BUILT_PRODUCTS_DIR; };
		E7BF90332C1E1BF3002A61CC /* LifeManagerApp.swift */ = {isa = PBXFileReference; lastKnownFileType = sourcecode.swift; path = LifeManagerApp.swift; sourceTree = "<group>"; };
		E7BF90352C1E1BF3002A61CC /* ContentView.swift */ = {isa = PBXFileReference; lastKnownFileType = sourcecode.swift; path = ContentView.swift; sourceTree = "<group>"; };
		E7BF90372C1E1BF4002A61CC /* Assets.xcassets */ = {isa = PBXFileReference; lastKnownFileType = folder.assetcatalog; path = Assets.xcassets; sourceTree = "<group>"; };
		E7BF90392C1E1BF4002A61CC /* LifeManager.entitlements */ = {isa = PBXFileReference; lastKnownFileType = text.plist.entitlements; path = LifeManager.entitlements; sourceTree = "<group>"; };
		E7BF903B2C1E1BF4002A61CC /* Preview Assets.xcassets */ = {isa = PBXFileReference; lastKnownFileType = folder.assetcatalog; path = "Preview Assets.xcassets"; sourceTree = "<group>"; };
		E7BF90502C1E2162002A61CC /* LICENSE.txt */ = {isa = PBXFileReference; fileEncoding = 4; lastKnownFileType = text; path = LICENSE.txt; sourceTree = "<group>"; };
		E7BF90522C1E2162002A61CC /* landmarkData.json */ = {isa = PBXFileReference; fileEncoding = 4; lastKnownFileType = text.json; path = landmarkData.json; sourceTree = "<group>"; };
		E7C92F072C344C5F001456E2 /* DropdownMenu.swift */ = {isa = PBXFileReference; lastKnownFileType = sourcecode.swift; path = DropdownMenu.swift; sourceTree = "<group>"; };
		E7C92F092C347D75001456E2 /* TableView.swift */ = {isa = PBXFileReference; lastKnownFileType = sourcecode.swift; path = TableView.swift; sourceTree = "<group>"; };
		E7C92F0D2C34B7AD001456E2 /* CurrencyText.swift */ = {isa = PBXFileReference; lastKnownFileType = sourcecode.swift; path = CurrencyText.swift; sourceTree = "<group>"; };
		E7C92F0F2C34B91F001456E2 /* HeaderText.swift */ = {isa = PBXFileReference; lastKnownFileType = sourcecode.swift; path = HeaderText.swift; sourceTree = "<group>"; };
		E7DE76D22C33141D002DE392 /* Payment.swift */ = {isa = PBXFileReference; lastKnownFileType = sourcecode.swift; path = Payment.swift; sourceTree = "<group>"; };
		E7DE76D42C337489002DE392 /* PaymentRow.swift */ = {isa = PBXFileReference; lastKnownFileType = sourcecode.swift; path = PaymentRow.swift; sourceTree = "<group>"; };
		E7EA4A7B2C3889CF00F66E03 /* Year.swift */ = {isa = PBXFileReference; lastKnownFileType = sourcecode.swift; path = Year.swift; sourceTree = "<group>"; };
		E7F566762C596D800029EB82 /* MainView.swift */ = {isa = PBXFileReference; lastKnownFileType = sourcecode.swift; path = MainView.swift; sourceTree = "<group>"; };
/* End PBXFileReference section */

/* Begin PBXFrameworksBuildPhase section */
		E7BF902D2C1E1BF3002A61CC /* Frameworks */ = {
			isa = PBXFrameworksBuildPhase;
			buildActionMask = 2147483647;
			files = (
			);
			runOnlyForDeploymentPostprocessing = 0;
		};
/* End PBXFrameworksBuildPhase section */

/* Begin PBXGroup section */
		E7BF90272C1E1BF3002A61CC = {
			isa = PBXGroup;
			children = (
				E7BF90322C1E1BF3002A61CC /* LifeManager */,
				E7BF90312C1E1BF3002A61CC /* Products */,
			);
			sourceTree = "<group>";
		};
		E7BF90312C1E1BF3002A61CC /* Products */ = {
			isa = PBXGroup;
			children = (
				E7BF90302C1E1BF3002A61CC /* LifeManager.app */,
			);
			name = Products;
			sourceTree = "<group>";
		};
		E7BF90322C1E1BF3002A61CC /* LifeManager */ = {
			isa = PBXGroup;
			children = (
				E7F566722C596B5D0029EB82 /* Services */,
				E7DE76D02C3313A6002DE392 /* Models */,
				E7F566742C596C6E0029EB82 /* UIComponents */,
				E7F566732C596BF10029EB82 /* Modules */,
				E7DE76D12C3313C7002DE392 /* Views */,
				E7BF90332C1E1BF3002A61CC /* LifeManagerApp.swift */,
				E7BF90372C1E1BF4002A61CC /* Assets.xcassets */,
				E7BF903A2C1E1BF4002A61CC /* Preview Content */,
				E7BF90532C1E2162002A61CC /* Resources */,
				E7BF90392C1E1BF4002A61CC /* LifeManager.entitlements */,
			);
			path = LifeManager;
			sourceTree = "<group>";
		};
		E7BF903A2C1E1BF4002A61CC /* Preview Content */ = {
			isa = PBXGroup;
			children = (
				E7BF903B2C1E1BF4002A61CC /* Preview Assets.xcassets */,
			);
			path = "Preview Content";
			sourceTree = "<group>";
		};
		E7BF90512C1E2162002A61CC /* LICENSE */ = {
			isa = PBXGroup;
			children = (
				E7BF90502C1E2162002A61CC /* LICENSE.txt */,
			);
			path = LICENSE;
			sourceTree = "<group>";
		};
		E7BF90532C1E2162002A61CC /* Resources */ = {
			isa = PBXGroup;
			children = (
				E7BF90512C1E2162002A61CC /* LICENSE */,
				E7BF90522C1E2162002A61CC /* landmarkData.json */,
			);
			path = Resources;
			sourceTree = "<group>";
		};
		E7C92F0B2C347EB3001456E2 /* Spendings */ = {
			isa = PBXGroup;
			children = (
				E7C92F092C347D75001456E2 /* TableView.swift */,
				E7926D4A2C52D01E001865D3 /* SettingsView.swift */,
				E7F566762C596D800029EB82 /* MainView.swift */,
			);
			path = Spendings;
			sourceTree = "<group>";
		};
		E7DE76D02C3313A6002DE392 /* Models */ = {
			isa = PBXGroup;
			children = (
				E7EA4A7D2C38ABB000F66E03 /* types */,
				E7DE76D22C33141D002DE392 /* Payment.swift */,
				E744BB352C36B933000FF33B /* Month.swift */,
				E7EA4A7B2C3889CF00F66E03 /* Year.swift */,
				E71399742C3C32810017385E /* Spending.swift */,
			);
			path = Models;
			sourceTree = "<group>";
		};
		E7DE76D12C3313C7002DE392 /* Views */ = {
			isa = PBXGroup;
			children = (
				E7C92F0B2C347EB3001456E2 /* Spendings */,
				E7BF90352C1E1BF3002A61CC /* ContentView.swift */,
			);
			path = Views;
			sourceTree = "<group>";
		};
		E7EA4A7D2C38ABB000F66E03 /* types */ = {
			isa = PBXGroup;
			children = (
				E744BB372C36BB33000FF33B /* MonthName.swift */,
				E744BB392C36BEEF000FF33B /* PaymentType.swift */,
				E744BB3B2C36C013000FF33B /* PaymentCategory.swift */,
				E71399762C3C907E0017385E /* ChartEntry.swift */,
				E753CCD12C3D9FE90043D551 /* Currency.swift */,
				E787448A2C47FC59001ED1C7 /* YearName.swift */,
			);
			path = types;
			sourceTree = "<group>";
		};
		E7F566722C596B5D0029EB82 /* Services */ = {
			isa = PBXGroup;
			children = (
				E751B02B2C49617B007F473C /* DataExportService.swift */,
				E7926D4E2C52E9D7001865D3 /* DataParseService.swift */,
			);
			path = Services;
			sourceTree = "<group>";
		};
		E7F566732C596BF10029EB82 /* Modules */ = {
			isa = PBXGroup;
			children = (
			);
			path = Modules;
			sourceTree = "<group>";
		};
		E7F566742C596C6E0029EB82 /* UIComponents */ = {
			isa = PBXGroup;
			children = (
				E7DE76D42C337489002DE392 /* PaymentRow.swift */,
				E7C92F072C344C5F001456E2 /* DropdownMenu.swift */,
				E7C92F0D2C34B7AD001456E2 /* CurrencyText.swift */,
				E7C92F0F2C34B91F001456E2 /* HeaderText.swift */,
			);
			path = UIComponents;
			sourceTree = "<group>";
		};
/* End PBXGroup section */

/* Begin PBXNativeTarget section */
		E7BF902F2C1E1BF3002A61CC /* LifeManager */ = {
			isa = PBXNativeTarget;
			buildConfigurationList = E7BF903F2C1E1BF4002A61CC /* Build configuration list for PBXNativeTarget "LifeManager" */;
			buildPhases = (
				E7BF902C2C1E1BF3002A61CC /* Sources */,
				E7BF902D2C1E1BF3002A61CC /* Frameworks */,
				E7BF902E2C1E1BF3002A61CC /* Resources */,
			);
			buildRules = (
			);
			dependencies = (
			);
			name = LifeManager;
			productName = LifeManager;
			productReference = E7BF90302C1E1BF3002A61CC /* LifeManager.app */;
			productType = "com.apple.product-type.application";
		};
/* End PBXNativeTarget section */

/* Begin PBXProject section */
		E7BF90282C1E1BF3002A61CC /* Project object */ = {
			isa = PBXProject;
			attributes = {
				BuildIndependentTargetsInParallel = 1;
				LastSwiftUpdateCheck = 1540;
				LastUpgradeCheck = 1600;
				TargetAttributes = {
					E7BF902F2C1E1BF3002A61CC = {
						CreatedOnToolsVersion = 15.4;
					};
				};
			};
			buildConfigurationList = E7BF902B2C1E1BF3002A61CC /* Build configuration list for PBXProject "LifeManager" */;
			compatibilityVersion = "Xcode 14.0";
			developmentRegion = en;
			hasScannedForEncodings = 0;
			knownRegions = (
				en,
				Base,
			);
			mainGroup = E7BF90272C1E1BF3002A61CC;
			productRefGroup = E7BF90312C1E1BF3002A61CC /* Products */;
			projectDirPath = "";
			projectRoot = "";
			targets = (
				E7BF902F2C1E1BF3002A61CC /* LifeManager */,
			);
		};
/* End PBXProject section */

/* Begin PBXResourcesBuildPhase section */
		E7BF902E2C1E1BF3002A61CC /* Resources */ = {
			isa = PBXResourcesBuildPhase;
			buildActionMask = 2147483647;
			files = (
				E7BF903C2C1E1BF4002A61CC /* Preview Assets.xcassets in Resources */,
				E7BF90382C1E1BF4002A61CC /* Assets.xcassets in Resources */,
				E7BF905F2C1E2162002A61CC /* LICENSE.txt in Resources */,
				E7BF90602C1E2162002A61CC /* landmarkData.json in Resources */,
			);
			runOnlyForDeploymentPostprocessing = 0;
		};
/* End PBXResourcesBuildPhase section */

/* Begin PBXSourcesBuildPhase section */
		E7BF902C2C1E1BF3002A61CC /* Sources */ = {
			isa = PBXSourcesBuildPhase;
			buildActionMask = 2147483647;
			files = (
				E7F566772C596D800029EB82 /* MainView.swift in Sources */,
				E7C92F0A2C347D75001456E2 /* TableView.swift in Sources */,
				E7C92F0E2C34B7AD001456E2 /* CurrencyText.swift in Sources */,
				E7BF90362C1E1BF3002A61CC /* ContentView.swift in Sources */,
				E751B02C2C49617B007F473C /* DataExportService.swift in Sources */,
				E7926D4B2C52D01E001865D3 /* SettingsView.swift in Sources */,
				E7DE76D32C33141D002DE392 /* Payment.swift in Sources */,
				E71399752C3C32810017385E /* Spending.swift in Sources */,
				E7C92F102C34B91F001456E2 /* HeaderText.swift in Sources */,
				E744BB3A2C36BEEF000FF33B /* PaymentType.swift in Sources */,
				E7926D4F2C52E9D7001865D3 /* DataParseService.swift in Sources */,
				E7C92F082C344C5F001456E2 /* DropdownMenu.swift in Sources */,
				E71399772C3C907E0017385E /* ChartEntry.swift in Sources */,
				E7DE76D52C337489002DE392 /* PaymentRow.swift in Sources */,
				E7BF90342C1E1BF3002A61CC /* LifeManagerApp.swift in Sources */,
				E7EA4A7C2C3889CF00F66E03 /* Year.swift in Sources */,
				E753CCD22C3D9FE90043D551 /* Currency.swift in Sources */,
				E787448B2C47FC59001ED1C7 /* YearName.swift in Sources */,
				E744BB3C2C36C013000FF33B /* PaymentCategory.swift in Sources */,
				E744BB382C36BB33000FF33B /* MonthName.swift in Sources */,
				E744BB362C36B933000FF33B /* Month.swift in Sources */,
			);
			runOnlyForDeploymentPostprocessing = 0;
		};
/* End PBXSourcesBuildPhase section */

/* Begin XCBuildConfiguration section */
		E7BF903D2C1E1BF4002A61CC /* Debug */ = {
			isa = XCBuildConfiguration;
			buildSettings = {
				ALWAYS_SEARCH_USER_PATHS = NO;
				ASSETCATALOG_COMPILER_GENERATE_SWIFT_ASSET_SYMBOL_EXTENSIONS = YES;
				CLANG_ANALYZER_NONNULL = YES;
				CLANG_ANALYZER_NUMBER_OBJECT_CONVERSION = YES_AGGRESSIVE;
				CLANG_CXX_LANGUAGE_STANDARD = "gnu++20";
				CLANG_ENABLE_MODULES = YES;
				CLANG_ENABLE_OBJC_ARC = YES;
				CLANG_ENABLE_OBJC_WEAK = YES;
				CLANG_WARN_BLOCK_CAPTURE_AUTORELEASING = YES;
				CLANG_WARN_BOOL_CONVERSION = YES;
				CLANG_WARN_COMMA = YES;
				CLANG_WARN_CONSTANT_CONVERSION = YES;
				CLANG_WARN_DEPRECATED_OBJC_IMPLEMENTATIONS = YES;
				CLANG_WARN_DIRECT_OBJC_ISA_USAGE = YES_ERROR;
				CLANG_WARN_DOCUMENTATION_COMMENTS = YES;
				CLANG_WARN_EMPTY_BODY = YES;
				CLANG_WARN_ENUM_CONVERSION = YES;
				CLANG_WARN_INFINITE_RECURSION = YES;
				CLANG_WARN_INT_CONVERSION = YES;
				CLANG_WARN_NON_LITERAL_NULL_CONVERSION = YES;
				CLANG_WARN_OBJC_IMPLICIT_RETAIN_SELF = YES;
				CLANG_WARN_OBJC_LITERAL_CONVERSION = YES;
				CLANG_WARN_OBJC_ROOT_CLASS = YES_ERROR;
				CLANG_WARN_QUOTED_INCLUDE_IN_FRAMEWORK_HEADER = YES;
				CLANG_WARN_RANGE_LOOP_ANALYSIS = YES;
				CLANG_WARN_STRICT_PROTOTYPES = YES;
				CLANG_WARN_SUSPICIOUS_MOVE = YES;
				CLANG_WARN_UNGUARDED_AVAILABILITY = YES_AGGRESSIVE;
				CLANG_WARN_UNREACHABLE_CODE = YES;
				CLANG_WARN__DUPLICATE_METHOD_MATCH = YES;
				COPY_PHASE_STRIP = NO;
				DEAD_CODE_STRIPPING = YES;
				DEBUG_INFORMATION_FORMAT = dwarf;
				ENABLE_STRICT_OBJC_MSGSEND = YES;
				ENABLE_TESTABILITY = YES;
				ENABLE_USER_SCRIPT_SANDBOXING = YES;
				GCC_C_LANGUAGE_STANDARD = gnu17;
				GCC_DYNAMIC_NO_PIC = NO;
				GCC_NO_COMMON_BLOCKS = YES;
				GCC_OPTIMIZATION_LEVEL = 0;
				GCC_PREPROCESSOR_DEFINITIONS = (
					"DEBUG=1",
					"$(inherited)",
				);
				GCC_WARN_64_TO_32_BIT_CONVERSION = YES;
				GCC_WARN_ABOUT_RETURN_TYPE = YES_ERROR;
				GCC_WARN_UNDECLARED_SELECTOR = YES;
				GCC_WARN_UNINITIALIZED_AUTOS = YES_AGGRESSIVE;
				GCC_WARN_UNUSED_FUNCTION = YES;
				GCC_WARN_UNUSED_VARIABLE = YES;
				LOCALIZATION_PREFERS_STRING_CATALOGS = YES;
				MTL_ENABLE_DEBUG_INFO = INCLUDE_SOURCE;
				MTL_FAST_MATH = YES;
				ONLY_ACTIVE_ARCH = YES;
				SWIFT_ACTIVE_COMPILATION_CONDITIONS = "DEBUG $(inherited)";
				SWIFT_OPTIMIZATION_LEVEL = "-Onone";
			};
			name = Debug;
		};
		E7BF903E2C1E1BF4002A61CC /* Release */ = {
			isa = XCBuildConfiguration;
			buildSettings = {
				ALWAYS_SEARCH_USER_PATHS = NO;
				ASSETCATALOG_COMPILER_GENERATE_SWIFT_ASSET_SYMBOL_EXTENSIONS = YES;
				CLANG_ANALYZER_NONNULL = YES;
				CLANG_ANALYZER_NUMBER_OBJECT_CONVERSION = YES_AGGRESSIVE;
				CLANG_CXX_LANGUAGE_STANDARD = "gnu++20";
				CLANG_ENABLE_MODULES = YES;
				CLANG_ENABLE_OBJC_ARC = YES;
				CLANG_ENABLE_OBJC_WEAK = YES;
				CLANG_WARN_BLOCK_CAPTURE_AUTORELEASING = YES;
				CLANG_WARN_BOOL_CONVERSION = YES;
				CLANG_WARN_COMMA = YES;
				CLANG_WARN_CONSTANT_CONVERSION = YES;
				CLANG_WARN_DEPRECATED_OBJC_IMPLEMENTATIONS = YES;
				CLANG_WARN_DIRECT_OBJC_ISA_USAGE = YES_ERROR;
				CLANG_WARN_DOCUMENTATION_COMMENTS = YES;
				CLANG_WARN_EMPTY_BODY = YES;
				CLANG_WARN_ENUM_CONVERSION = YES;
				CLANG_WARN_INFINITE_RECURSION = YES;
				CLANG_WARN_INT_CONVERSION = YES;
				CLANG_WARN_NON_LITERAL_NULL_CONVERSION = YES;
				CLANG_WARN_OBJC_IMPLICIT_RETAIN_SELF = YES;
				CLANG_WARN_OBJC_LITERAL_CONVERSION = YES;
				CLANG_WARN_OBJC_ROOT_CLASS = YES_ERROR;
				CLANG_WARN_QUOTED_INCLUDE_IN_FRAMEWORK_HEADER = YES;
				CLANG_WARN_RANGE_LOOP_ANALYSIS = YES;
				CLANG_WARN_STRICT_PROTOTYPES = YES;
				CLANG_WARN_SUSPICIOUS_MOVE = YES;
				CLANG_WARN_UNGUARDED_AVAILABILITY = YES_AGGRESSIVE;
				CLANG_WARN_UNREACHABLE_CODE = YES;
				CLANG_WARN__DUPLICATE_METHOD_MATCH = YES;
				COPY_PHASE_STRIP = NO;
				DEAD_CODE_STRIPPING = YES;
				DEBUG_INFORMATION_FORMAT = "dwarf-with-dsym";
				ENABLE_NS_ASSERTIONS = NO;
				ENABLE_STRICT_OBJC_MSGSEND = YES;
				ENABLE_USER_SCRIPT_SANDBOXING = YES;
				GCC_C_LANGUAGE_STANDARD = gnu17;
				GCC_NO_COMMON_BLOCKS = YES;
				GCC_WARN_64_TO_32_BIT_CONVERSION = YES;
				GCC_WARN_ABOUT_RETURN_TYPE = YES_ERROR;
				GCC_WARN_UNDECLARED_SELECTOR = YES;
				GCC_WARN_UNINITIALIZED_AUTOS = YES_AGGRESSIVE;
				GCC_WARN_UNUSED_FUNCTION = YES;
				GCC_WARN_UNUSED_VARIABLE = YES;
				LOCALIZATION_PREFERS_STRING_CATALOGS = YES;
				MTL_ENABLE_DEBUG_INFO = NO;
				MTL_FAST_MATH = YES;
				SWIFT_COMPILATION_MODE = wholemodule;
			};
			name = Release;
		};
		E7BF90402C1E1BF4002A61CC /* Debug */ = {
			isa = XCBuildConfiguration;
			buildSettings = {
				ASSETCATALOG_COMPILER_APPICON_NAME = AppIcon;
				ASSETCATALOG_COMPILER_GLOBAL_ACCENT_COLOR_NAME = AccentColor;
				CODE_SIGN_ENTITLEMENTS = LifeManager/LifeManager.entitlements;
				CODE_SIGN_STYLE = Automatic;
				CURRENT_PROJECT_VERSION = 1;
				DEAD_CODE_STRIPPING = YES;
				DEVELOPMENT_ASSET_PATHS = "\"LifeManager/Preview Content\"";
				DEVELOPMENT_TEAM = Z432WZK2G2;
				ENABLE_HARDENED_RUNTIME = YES;
				ENABLE_PREVIEWS = YES;
				GENERATE_INFOPLIST_FILE = YES;
				"INFOPLIST_KEY_UIApplicationSceneManifest_Generation[sdk=iphoneos*]" = YES;
				"INFOPLIST_KEY_UIApplicationSceneManifest_Generation[sdk=iphonesimulator*]" = YES;
				"INFOPLIST_KEY_UIApplicationSupportsIndirectInputEvents[sdk=iphoneos*]" = YES;
				"INFOPLIST_KEY_UIApplicationSupportsIndirectInputEvents[sdk=iphonesimulator*]" = YES;
				"INFOPLIST_KEY_UILaunchScreen_Generation[sdk=iphoneos*]" = YES;
				"INFOPLIST_KEY_UILaunchScreen_Generation[sdk=iphonesimulator*]" = YES;
				"INFOPLIST_KEY_UIStatusBarStyle[sdk=iphoneos*]" = UIStatusBarStyleDefault;
				"INFOPLIST_KEY_UIStatusBarStyle[sdk=iphonesimulator*]" = UIStatusBarStyleDefault;
				INFOPLIST_KEY_UISupportedInterfaceOrientations_iPad = "UIInterfaceOrientationPortrait UIInterfaceOrientationPortraitUpsideDown UIInterfaceOrientationLandscapeLeft UIInterfaceOrientationLandscapeRight";
				INFOPLIST_KEY_UISupportedInterfaceOrientations_iPhone = "UIInterfaceOrientationPortrait UIInterfaceOrientationLandscapeLeft UIInterfaceOrientationLandscapeRight";
				IPHONEOS_DEPLOYMENT_TARGET = 17.5;
				LD_RUNPATH_SEARCH_PATHS = "@executable_path/Frameworks";
				"LD_RUNPATH_SEARCH_PATHS[sdk=macosx*]" = "@executable_path/../Frameworks";
				MACOSX_DEPLOYMENT_TARGET = 14.5;
				MARKETING_VERSION = 1.0;
				PRODUCT_BUNDLE_IDENTIFIER = org.jk.LifeManager;
				PRODUCT_NAME = "$(TARGET_NAME)";
				SDKROOT = auto;
				SUPPORTED_PLATFORMS = "iphoneos iphonesimulator macosx";
				SWIFT_EMIT_LOC_STRINGS = YES;
				SWIFT_VERSION = 5.0;
				TARGETED_DEVICE_FAMILY = "1,2";
			};
			name = Debug;
		};
		E7BF90412C1E1BF4002A61CC /* Release */ = {
			isa = XCBuildConfiguration;
			buildSettings = {
				ASSETCATALOG_COMPILER_APPICON_NAME = AppIcon;
				ASSETCATALOG_COMPILER_GLOBAL_ACCENT_COLOR_NAME = AccentColor;
				CODE_SIGN_ENTITLEMENTS = LifeManager/LifeManager.entitlements;
				CODE_SIGN_STYLE = Automatic;
				CURRENT_PROJECT_VERSION = 1;
				DEAD_CODE_STRIPPING = YES;
				DEVELOPMENT_ASSET_PATHS = "\"LifeManager/Preview Content\"";
				DEVELOPMENT_TEAM = Z432WZK2G2;
				ENABLE_HARDENED_RUNTIME = YES;
				ENABLE_PREVIEWS = YES;
				GENERATE_INFOPLIST_FILE = YES;
				"INFOPLIST_KEY_UIApplicationSceneManifest_Generation[sdk=iphoneos*]" = YES;
				"INFOPLIST_KEY_UIApplicationSceneManifest_Generation[sdk=iphonesimulator*]" = YES;
				"INFOPLIST_KEY_UIApplicationSupportsIndirectInputEvents[sdk=iphoneos*]" = YES;
				"INFOPLIST_KEY_UIApplicationSupportsIndirectInputEvents[sdk=iphonesimulator*]" = YES;
				"INFOPLIST_KEY_UILaunchScreen_Generation[sdk=iphoneos*]" = YES;
				"INFOPLIST_KEY_UILaunchScreen_Generation[sdk=iphonesimulator*]" = YES;
				"INFOPLIST_KEY_UIStatusBarStyle[sdk=iphoneos*]" = UIStatusBarStyleDefault;
				"INFOPLIST_KEY_UIStatusBarStyle[sdk=iphonesimulator*]" = UIStatusBarStyleDefault;
				INFOPLIST_KEY_UISupportedInterfaceOrientations_iPad = "UIInterfaceOrientationPortrait UIInterfaceOrientationPortraitUpsideDown UIInterfaceOrientationLandscapeLeft UIInterfaceOrientationLandscapeRight";
				INFOPLIST_KEY_UISupportedInterfaceOrientations_iPhone = "UIInterfaceOrientationPortrait UIInterfaceOrientationLandscapeLeft UIInterfaceOrientationLandscapeRight";
				IPHONEOS_DEPLOYMENT_TARGET = 17.5;
				LD_RUNPATH_SEARCH_PATHS = "@executable_path/Frameworks";
				"LD_RUNPATH_SEARCH_PATHS[sdk=macosx*]" = "@executable_path/../Frameworks";
				MACOSX_DEPLOYMENT_TARGET = 14.5;
				MARKETING_VERSION = 1.0;
				PRODUCT_BUNDLE_IDENTIFIER = org.jk.LifeManager;
				PRODUCT_NAME = "$(TARGET_NAME)";
				SDKROOT = auto;
				SUPPORTED_PLATFORMS = "iphoneos iphonesimulator macosx";
				SWIFT_EMIT_LOC_STRINGS = YES;
				SWIFT_VERSION = 5.0;
				TARGETED_DEVICE_FAMILY = "1,2";
			};
			name = Release;
		};
/* End XCBuildConfiguration section */

/* Begin XCConfigurationList section */
		E7BF902B2C1E1BF3002A61CC /* Build configuration list for PBXProject "LifeManager" */ = {
			isa = XCConfigurationList;
			buildConfigurations = (
				E7BF903D2C1E1BF4002A61CC /* Debug */,
				E7BF903E2C1E1BF4002A61CC /* Release */,
			);
			defaultConfigurationIsVisible = 0;
			defaultConfigurationName = Release;
		};
		E7BF903F2C1E1BF4002A61CC /* Build configuration list for PBXNativeTarget "LifeManager" */ = {
			isa = XCConfigurationList;
			buildConfigurations = (
				E7BF90402C1E1BF4002A61CC /* Debug */,
				E7BF90412C1E1BF4002A61CC /* Release */,
			);
			defaultConfigurationIsVisible = 0;
			defaultConfigurationName = Release;
		};
/* End XCConfigurationList section */
	};
	rootObject = E7BF90282C1E1BF3002A61CC /* Project object */;
}
