// !$*UTF8*$!
{
	archiveVersion = 1;
	classes = {
	};
	objectVersion = 56;
	objects = {

/* Begin PBXBuildFile section */
		E753F15A2C2702CE0092F9A4 /* MealsView.swift in Sources */ = {isa = PBXBuildFile; fileRef = E753F1592C2702CE0092F9A4 /* MealsView.swift */; };
		E7BF90342C1E1BF3002A61CC /* LifeManagerApp.swift in Sources */ = {isa = PBXBuildFile; fileRef = E7BF90332C1E1BF3002A61CC /* LifeManagerApp.swift */; };
		E7BF90362C1E1BF3002A61CC /* ContentView.swift in Sources */ = {isa = PBXBuildFile; fileRef = E7BF90352C1E1BF3002A61CC /* ContentView.swift */; };
		E7BF90382C1E1BF4002A61CC /* Assets.xcassets in Resources */ = {isa = PBXBuildFile; fileRef = E7BF90372C1E1BF4002A61CC /* Assets.xcassets */; };
		E7BF903C2C1E1BF4002A61CC /* Preview Assets.xcassets in Resources */ = {isa = PBXBuildFile; fileRef = E7BF903B2C1E1BF4002A61CC /* Preview Assets.xcassets */; };
		E7BF905F2C1E2162002A61CC /* LICENSE.txt in Resources */ = {isa = PBXBuildFile; fileRef = E7BF90502C1E2162002A61CC /* LICENSE.txt */; };
		E7BF90602C1E2162002A61CC /* landmarkData.json in Resources */ = {isa = PBXBuildFile; fileRef = E7BF90522C1E2162002A61CC /* landmarkData.json */; };
		E7BF90662C1E2669002A61CC /* SpendingsView.swift in Sources */ = {isa = PBXBuildFile; fileRef = E7BF90652C1E2669002A61CC /* SpendingsView.swift */; };
		E7C92F082C344C5F001456E2 /* CategoryMenu.swift in Sources */ = {isa = PBXBuildFile; fileRef = E7C92F072C344C5F001456E2 /* CategoryMenu.swift */; };
		E7DE76CD2C32E42C002DE392 /* SidebarView.swift in Sources */ = {isa = PBXBuildFile; fileRef = E7DE76CC2C32E42C002DE392 /* SidebarView.swift */; };
		E7DE76CF2C32E7BB002DE392 /* TabSection.swift in Sources */ = {isa = PBXBuildFile; fileRef = E7DE76CE2C32E7BB002DE392 /* TabSection.swift */; };
		E7DE76D32C33141D002DE392 /* Payment.swift in Sources */ = {isa = PBXBuildFile; fileRef = E7DE76D22C33141D002DE392 /* Payment.swift */; };
		E7DE76D52C337489002DE392 /* PaymentView.swift in Sources */ = {isa = PBXBuildFile; fileRef = E7DE76D42C337489002DE392 /* PaymentView.swift */; };
/* End PBXBuildFile section */

/* Begin PBXFileReference section */
		E753F1592C2702CE0092F9A4 /* MealsView.swift */ = {isa = PBXFileReference; lastKnownFileType = sourcecode.swift; path = MealsView.swift; sourceTree = "<group>"; };
		E7BF90302C1E1BF3002A61CC /* LifeManager.app */ = {isa = PBXFileReference; explicitFileType = wrapper.application; includeInIndex = 0; path = LifeManager.app; sourceTree = BUILT_PRODUCTS_DIR; };
		E7BF90332C1E1BF3002A61CC /* LifeManagerApp.swift */ = {isa = PBXFileReference; lastKnownFileType = sourcecode.swift; path = LifeManagerApp.swift; sourceTree = "<group>"; };
		E7BF90352C1E1BF3002A61CC /* ContentView.swift */ = {isa = PBXFileReference; lastKnownFileType = sourcecode.swift; path = ContentView.swift; sourceTree = "<group>"; };
		E7BF90372C1E1BF4002A61CC /* Assets.xcassets */ = {isa = PBXFileReference; lastKnownFileType = folder.assetcatalog; path = Assets.xcassets; sourceTree = "<group>"; };
		E7BF90392C1E1BF4002A61CC /* LifeManager.entitlements */ = {isa = PBXFileReference; lastKnownFileType = text.plist.entitlements; path = LifeManager.entitlements; sourceTree = "<group>"; };
		E7BF903B2C1E1BF4002A61CC /* Preview Assets.xcassets */ = {isa = PBXFileReference; lastKnownFileType = folder.assetcatalog; path = "Preview Assets.xcassets"; sourceTree = "<group>"; };
		E7BF90502C1E2162002A61CC /* LICENSE.txt */ = {isa = PBXFileReference; fileEncoding = 4; lastKnownFileType = text; path = LICENSE.txt; sourceTree = "<group>"; };
		E7BF90522C1E2162002A61CC /* landmarkData.json */ = {isa = PBXFileReference; fileEncoding = 4; lastKnownFileType = text.json; path = landmarkData.json; sourceTree = "<group>"; };
		E7BF90652C1E2669002A61CC /* SpendingsView.swift */ = {isa = PBXFileReference; lastKnownFileType = sourcecode.swift; path = SpendingsView.swift; sourceTree = "<group>"; };
		E7C92F072C344C5F001456E2 /* CategoryMenu.swift */ = {isa = PBXFileReference; lastKnownFileType = sourcecode.swift; path = CategoryMenu.swift; sourceTree = "<group>"; };
		E7DE76CC2C32E42C002DE392 /* SidebarView.swift */ = {isa = PBXFileReference; lastKnownFileType = sourcecode.swift; path = SidebarView.swift; sourceTree = "<group>"; };
		E7DE76CE2C32E7BB002DE392 /* TabSection.swift */ = {isa = PBXFileReference; lastKnownFileType = sourcecode.swift; path = TabSection.swift; sourceTree = "<group>"; };
		E7DE76D22C33141D002DE392 /* Payment.swift */ = {isa = PBXFileReference; lastKnownFileType = sourcecode.swift; path = Payment.swift; sourceTree = "<group>"; };
		E7DE76D42C337489002DE392 /* PaymentView.swift */ = {isa = PBXFileReference; lastKnownFileType = sourcecode.swift; path = PaymentView.swift; sourceTree = "<group>"; };
/* End PBXFileReference section */

/* Begin PBXFrameworksBuildPhase section */
		E7BF902D2C1E1BF3002A61CC /* Frameworks */ = {
			isa = PBXFrameworksBuildPhase;
			buildActionMask = 2147483647;
			files = (
			);
			runOnlyForDeploymentPostprocessing = 0;
		};
/* End PBXFrameworksBuildPhase section */

/* Begin PBXGroup section */
		E7BF90272C1E1BF3002A61CC = {
			isa = PBXGroup;
			children = (
				E7BF90532C1E2162002A61CC /* Resources */,
				E7BF90322C1E1BF3002A61CC /* LifeManager */,
				E7BF90312C1E1BF3002A61CC /* Products */,
			);
			sourceTree = "<group>";
		};
		E7BF90312C1E1BF3002A61CC /* Products */ = {
			isa = PBXGroup;
			children = (
				E7BF90302C1E1BF3002A61CC /* LifeManager.app */,
			);
			name = Products;
			sourceTree = "<group>";
		};
		E7BF90322C1E1BF3002A61CC /* LifeManager */ = {
			isa = PBXGroup;
			children = (
				E7DE76D12C3313C7002DE392 /* Views */,
				E7BF903A2C1E1BF4002A61CC /* Preview Content */,
				E7BF90332C1E1BF3002A61CC /* LifeManagerApp.swift */,
				E7BF90372C1E1BF4002A61CC /* Assets.xcassets */,
				E7BF90392C1E1BF4002A61CC /* LifeManager.entitlements */,
				E7DE76D02C3313A6002DE392 /* Model */,
			);
			path = LifeManager;
			sourceTree = "<group>";
		};
		E7BF903A2C1E1BF4002A61CC /* Preview Content */ = {
			isa = PBXGroup;
			children = (
				E7BF903B2C1E1BF4002A61CC /* Preview Assets.xcassets */,
			);
			path = "Preview Content";
			sourceTree = "<group>";
		};
		E7BF90512C1E2162002A61CC /* LICENSE */ = {
			isa = PBXGroup;
			children = (
				E7BF90502C1E2162002A61CC /* LICENSE.txt */,
			);
			path = LICENSE;
			sourceTree = "<group>";
		};
		E7BF90532C1E2162002A61CC /* Resources */ = {
			isa = PBXGroup;
			children = (
				E7BF90512C1E2162002A61CC /* LICENSE */,
				E7BF90522C1E2162002A61CC /* landmarkData.json */,
			);
			path = Resources;
			sourceTree = "<group>";
		};
		E7DE76D02C3313A6002DE392 /* Model */ = {
			isa = PBXGroup;
			children = (
				E7DE76CE2C32E7BB002DE392 /* TabSection.swift */,
				E7DE76D22C33141D002DE392 /* Payment.swift */,
			);
			path = Model;
			sourceTree = "<group>";
		};
		E7DE76D12C3313C7002DE392 /* Views */ = {
			isa = PBXGroup;
			children = (
				E7BF90352C1E1BF3002A61CC /* ContentView.swift */,
				E7BF90652C1E2669002A61CC /* SpendingsView.swift */,
				E753F1592C2702CE0092F9A4 /* MealsView.swift */,
				E7DE76CC2C32E42C002DE392 /* SidebarView.swift */,
				E7DE76D42C337489002DE392 /* PaymentView.swift */,
				E7C92F072C344C5F001456E2 /* CategoryMenu.swift */,
			);
			path = Views;
			sourceTree = "<group>";
		};
/* End PBXGroup section */

/* Begin PBXNativeTarget section */
		E7BF902F2C1E1BF3002A61CC /* LifeManager */ = {
			isa = PBXNativeTarget;
			buildConfigurationList = E7BF903F2C1E1BF4002A61CC /* Build configuration list for PBXNativeTarget "LifeManager" */;
			buildPhases = (
				E7BF902C2C1E1BF3002A61CC /* Sources */,
				E7BF902D2C1E1BF3002A61CC /* Frameworks */,
				E7BF902E2C1E1BF3002A61CC /* Resources */,
			);
			buildRules = (
			);
			dependencies = (
			);
			name = LifeManager;
			productName = LifeManager;
			productReference = E7BF90302C1E1BF3002A61CC /* LifeManager.app */;
			productType = "com.apple.product-type.application";
		};
/* End PBXNativeTarget section */

/* Begin PBXProject section */
		E7BF90282C1E1BF3002A61CC /* Project object */ = {
			isa = PBXProject;
			attributes = {
				BuildIndependentTargetsInParallel = 1;
				LastSwiftUpdateCheck = 1540;
				LastUpgradeCheck = 1540;
				TargetAttributes = {
					E7BF902F2C1E1BF3002A61CC = {
						CreatedOnToolsVersion = 15.4;
					};
				};
			};
			buildConfigurationList = E7BF902B2C1E1BF3002A61CC /* Build configuration list for PBXProject "LifeManager" */;
			compatibilityVersion = "Xcode 14.0";
			developmentRegion = en;
			hasScannedForEncodings = 0;
			knownRegions = (
				en,
				Base,
			);
			mainGroup = E7BF90272C1E1BF3002A61CC;
			productRefGroup = E7BF90312C1E1BF3002A61CC /* Products */;
			projectDirPath = "";
			projectRoot = "";
			targets = (
				E7BF902F2C1E1BF3002A61CC /* LifeManager */,
			);
		};
/* End PBXProject section */

/* Begin PBXResourcesBuildPhase section */
		E7BF902E2C1E1BF3002A61CC /* Resources */ = {
			isa = PBXResourcesBuildPhase;
			buildActionMask = 2147483647;
			files = (
				E7BF903C2C1E1BF4002A61CC /* Preview Assets.xcassets in Resources */,
				E7BF90382C1E1BF4002A61CC /* Assets.xcassets in Resources */,
				E7BF905F2C1E2162002A61CC /* LICENSE.txt in Resources */,
				E7BF90602C1E2162002A61CC /* landmarkData.json in Resources */,
			);
			runOnlyForDeploymentPostprocessing = 0;
		};
/* End PBXResourcesBuildPhase section */

/* Begin PBXSourcesBuildPhase section */
		E7BF902C2C1E1BF3002A61CC /* Sources */ = {
			isa = PBXSourcesBuildPhase;
			buildActionMask = 2147483647;
			files = (
				E7BF90662C1E2669002A61CC /* SpendingsView.swift in Sources */,
				E7BF90362C1E1BF3002A61CC /* ContentView.swift in Sources */,
				E7DE76D32C33141D002DE392 /* Payment.swift in Sources */,
				E753F15A2C2702CE0092F9A4 /* MealsView.swift in Sources */,
				E7DE76CF2C32E7BB002DE392 /* TabSection.swift in Sources */,
				E7C92F082C344C5F001456E2 /* CategoryMenu.swift in Sources */,
				E7DE76D52C337489002DE392 /* PaymentView.swift in Sources */,
				E7BF90342C1E1BF3002A61CC /* LifeManagerApp.swift in Sources */,
				E7DE76CD2C32E42C002DE392 /* SidebarView.swift in Sources */,
			);
			runOnlyForDeploymentPostprocessing = 0;
		};
/* End PBXSourcesBuildPhase section */

/* Begin XCBuildConfiguration section */
		E7BF903D2C1E1BF4002A61CC /* Debug */ = {
			isa = XCBuildConfiguration;
			buildSettings = {
				ALWAYS_SEARCH_USER_PATHS = NO;
				ASSETCATALOG_COMPILER_GENERATE_SWIFT_ASSET_SYMBOL_EXTENSIONS = YES;
				CLANG_ANALYZER_NONNULL = YES;
				CLANG_ANALYZER_NUMBER_OBJECT_CONVERSION = YES_AGGRESSIVE;
				CLANG_CXX_LANGUAGE_STANDARD = "gnu++20";
				CLANG_ENABLE_MODULES = YES;
				CLANG_ENABLE_OBJC_ARC = YES;
				CLANG_ENABLE_OBJC_WEAK = YES;
				CLANG_WARN_BLOCK_CAPTURE_AUTORELEASING = YES;
				CLANG_WARN_BOOL_CONVERSION = YES;
				CLANG_WARN_COMMA = YES;
				CLANG_WARN_CONSTANT_CONVERSION = YES;
				CLANG_WARN_DEPRECATED_OBJC_IMPLEMENTATIONS = YES;
				CLANG_WARN_DIRECT_OBJC_ISA_USAGE = YES_ERROR;
				CLANG_WARN_DOCUMENTATION_COMMENTS = YES;
				CLANG_WARN_EMPTY_BODY = YES;
				CLANG_WARN_ENUM_CONVERSION = YES;
				CLANG_WARN_INFINITE_RECURSION = YES;
				CLANG_WARN_INT_CONVERSION = YES;
				CLANG_WARN_NON_LITERAL_NULL_CONVERSION = YES;
				CLANG_WARN_OBJC_IMPLICIT_RETAIN_SELF = YES;
				CLANG_WARN_OBJC_LITERAL_CONVERSION = YES;
				CLANG_WARN_OBJC_ROOT_CLASS = YES_ERROR;
				CLANG_WARN_QUOTED_INCLUDE_IN_FRAMEWORK_HEADER = YES;
				CLANG_WARN_RANGE_LOOP_ANALYSIS = YES;
				CLANG_WARN_STRICT_PROTOTYPES = YES;
				CLANG_WARN_SUSPICIOUS_MOVE = YES;
				CLANG_WARN_UNGUARDED_AVAILABILITY = YES_AGGRESSIVE;
				CLANG_WARN_UNREACHABLE_CODE = YES;
				CLANG_WARN__DUPLICATE_METHOD_MATCH = YES;
				COPY_PHASE_STRIP = NO;
				DEBUG_INFORMATION_FORMAT = dwarf;
				ENABLE_STRICT_OBJC_MSGSEND = YES;
				ENABLE_TESTABILITY = YES;
				ENABLE_USER_SCRIPT_SANDBOXING = YES;
				GCC_C_LANGUAGE_STANDARD = gnu17;
				GCC_DYNAMIC_NO_PIC = NO;
				GCC_NO_COMMON_BLOCKS = YES;
				GCC_OPTIMIZATION_LEVEL = 0;
				GCC_PREPROCESSOR_DEFINITIONS = (
					"DEBUG=1",
					"$(inherited)",
				);
				GCC_WARN_64_TO_32_BIT_CONVERSION = YES;
				GCC_WARN_ABOUT_RETURN_TYPE = YES_ERROR;
				GCC_WARN_UNDECLARED_SELECTOR = YES;
				GCC_WARN_UNINITIALIZED_AUTOS = YES_AGGRESSIVE;
				GCC_WARN_UNUSED_FUNCTION = YES;
				GCC_WARN_UNUSED_VARIABLE = YES;
				LOCALIZATION_PREFERS_STRING_CATALOGS = YES;
				MTL_ENABLE_DEBUG_INFO = INCLUDE_SOURCE;
				MTL_FAST_MATH = YES;
				ONLY_ACTIVE_ARCH = YES;
				SWIFT_ACTIVE_COMPILATION_CONDITIONS = "DEBUG $(inherited)";
				SWIFT_OPTIMIZATION_LEVEL = "-Onone";
			};
			name = Debug;
		};
		E7BF903E2C1E1BF4002A61CC /* Release */ = {
			isa = XCBuildConfiguration;
			buildSettings = {
				ALWAYS_SEARCH_USER_PATHS = NO;
				ASSETCATALOG_COMPILER_GENERATE_SWIFT_ASSET_SYMBOL_EXTENSIONS = YES;
				CLANG_ANALYZER_NONNULL = YES;
				CLANG_ANALYZER_NUMBER_OBJECT_CONVERSION = YES_AGGRESSIVE;
				CLANG_CXX_LANGUAGE_STANDARD = "gnu++20";
				CLANG_ENABLE_MODULES = YES;
				CLANG_ENABLE_OBJC_ARC = YES;
				CLANG_ENABLE_OBJC_WEAK = YES;
				CLANG_WARN_BLOCK_CAPTURE_AUTORELEASING = YES;
				CLANG_WARN_BOOL_CONVERSION = YES;
				CLANG_WARN_COMMA = YES;
				CLANG_WARN_CONSTANT_CONVERSION = YES;
				CLANG_WARN_DEPRECATED_OBJC_IMPLEMENTATIONS = YES;
				CLANG_WARN_DIRECT_OBJC_ISA_USAGE = YES_ERROR;
				CLANG_WARN_DOCUMENTATION_COMMENTS = YES;
				CLANG_WARN_EMPTY_BODY = YES;
				CLANG_WARN_ENUM_CONVERSION = YES;
				CLANG_WARN_INFINITE_RECURSION = YES;
				CLANG_WARN_INT_CONVERSION = YES;
				CLANG_WARN_NON_LITERAL_NULL_CONVERSION = YES;
				CLANG_WARN_OBJC_IMPLICIT_RETAIN_SELF = YES;
				CLANG_WARN_OBJC_LITERAL_CONVERSION = YES;
				CLANG_WARN_OBJC_ROOT_CLASS = YES_ERROR;
				CLANG_WARN_QUOTED_INCLUDE_IN_FRAMEWORK_HEADER = YES;
				CLANG_WARN_RANGE_LOOP_ANALYSIS = YES;
				CLANG_WARN_STRICT_PROTOTYPES = YES;
				CLANG_WARN_SUSPICIOUS_MOVE = YES;
				CLANG_WARN_UNGUARDED_AVAILABILITY = YES_AGGRESSIVE;
				CLANG_WARN_UNREACHABLE_CODE = YES;
				CLANG_WARN__DUPLICATE_METHOD_MATCH = YES;
				COPY_PHASE_STRIP = NO;
				DEBUG_INFORMATION_FORMAT = "dwarf-with-dsym";
				ENABLE_NS_ASSERTIONS = NO;
				ENABLE_STRICT_OBJC_MSGSEND = YES;
				ENABLE_USER_SCRIPT_SANDBOXING = YES;
				GCC_C_LANGUAGE_STANDARD = gnu17;
				GCC_NO_COMMON_BLOCKS = YES;
				GCC_WARN_64_TO_32_BIT_CONVERSION = YES;
				GCC_WARN_ABOUT_RETURN_TYPE = YES_ERROR;
				GCC_WARN_UNDECLARED_SELECTOR = YES;
				GCC_WARN_UNINITIALIZED_AUTOS = YES_AGGRESSIVE;
				GCC_WARN_UNUSED_FUNCTION = YES;
				GCC_WARN_UNUSED_VARIABLE = YES;
				LOCALIZATION_PREFERS_STRING_CATALOGS = YES;
				MTL_ENABLE_DEBUG_INFO = NO;
				MTL_FAST_MATH = YES;
				SWIFT_COMPILATION_MODE = wholemodule;
			};
			name = Release;
		};
		E7BF90402C1E1BF4002A61CC /* Debug */ = {
			isa = XCBuildConfiguration;
			buildSettings = {
				ASSETCATALOG_COMPILER_APPICON_NAME = AppIcon;
				ASSETCATALOG_COMPILER_GLOBAL_ACCENT_COLOR_NAME = AccentColor;
				CODE_SIGN_ENTITLEMENTS = LifeManager/LifeManager.entitlements;
				CODE_SIGN_STYLE = Automatic;
				CURRENT_PROJECT_VERSION = 1;
				DEVELOPMENT_ASSET_PATHS = "\"LifeManager/Preview Content\"";
				DEVELOPMENT_TEAM = Z432WZK2G2;
				ENABLE_HARDENED_RUNTIME = YES;
				ENABLE_PREVIEWS = YES;
				GENERATE_INFOPLIST_FILE = YES;
				"INFOPLIST_KEY_UIApplicationSceneManifest_Generation[sdk=iphoneos*]" = YES;
				"INFOPLIST_KEY_UIApplicationSceneManifest_Generation[sdk=iphonesimulator*]" = YES;
				"INFOPLIST_KEY_UIApplicationSupportsIndirectInputEvents[sdk=iphoneos*]" = YES;
				"INFOPLIST_KEY_UIApplicationSupportsIndirectInputEvents[sdk=iphonesimulator*]" = YES;
				"INFOPLIST_KEY_UILaunchScreen_Generation[sdk=iphoneos*]" = YES;
				"INFOPLIST_KEY_UILaunchScreen_Generation[sdk=iphonesimulator*]" = YES;
				"INFOPLIST_KEY_UIStatusBarStyle[sdk=iphoneos*]" = UIStatusBarStyleDefault;
				"INFOPLIST_KEY_UIStatusBarStyle[sdk=iphonesimulator*]" = UIStatusBarStyleDefault;
				INFOPLIST_KEY_UISupportedInterfaceOrientations_iPad = "UIInterfaceOrientationPortrait UIInterfaceOrientationPortraitUpsideDown UIInterfaceOrientationLandscapeLeft UIInterfaceOrientationLandscapeRight";
				INFOPLIST_KEY_UISupportedInterfaceOrientations_iPhone = "UIInterfaceOrientationPortrait UIInterfaceOrientationLandscapeLeft UIInterfaceOrientationLandscapeRight";
				IPHONEOS_DEPLOYMENT_TARGET = 17.5;
				LD_RUNPATH_SEARCH_PATHS = "@executable_path/Frameworks";
				"LD_RUNPATH_SEARCH_PATHS[sdk=macosx*]" = "@executable_path/../Frameworks";
				MACOSX_DEPLOYMENT_TARGET = 14.5;
				MARKETING_VERSION = 1.0;
				PRODUCT_BUNDLE_IDENTIFIER = org.jk.LifeManager;
				PRODUCT_NAME = "$(TARGET_NAME)";
				SDKROOT = auto;
				SUPPORTED_PLATFORMS = "iphoneos iphonesimulator macosx";
				SWIFT_EMIT_LOC_STRINGS = YES;
				SWIFT_VERSION = 5.0;
				TARGETED_DEVICE_FAMILY = "1,2";
			};
			name = Debug;
		};
		E7BF90412C1E1BF4002A61CC /* Release */ = {
			isa = XCBuildConfiguration;
			buildSettings = {
				ASSETCATALOG_COMPILER_APPICON_NAME = AppIcon;
				ASSETCATALOG_COMPILER_GLOBAL_ACCENT_COLOR_NAME = AccentColor;
				CODE_SIGN_ENTITLEMENTS = LifeManager/LifeManager.entitlements;
				CODE_SIGN_STYLE = Automatic;
				CURRENT_PROJECT_VERSION = 1;
				DEVELOPMENT_ASSET_PATHS = "\"LifeManager/Preview Content\"";
				DEVELOPMENT_TEAM = Z432WZK2G2;
				ENABLE_HARDENED_RUNTIME = YES;
				ENABLE_PREVIEWS = YES;
				GENERATE_INFOPLIST_FILE = YES;
				"INFOPLIST_KEY_UIApplicationSceneManifest_Generation[sdk=iphoneos*]" = YES;
				"INFOPLIST_KEY_UIApplicationSceneManifest_Generation[sdk=iphonesimulator*]" = YES;
				"INFOPLIST_KEY_UIApplicationSupportsIndirectInputEvents[sdk=iphoneos*]" = YES;
				"INFOPLIST_KEY_UIApplicationSupportsIndirectInputEvents[sdk=iphonesimulator*]" = YES;
				"INFOPLIST_KEY_UILaunchScreen_Generation[sdk=iphoneos*]" = YES;
				"INFOPLIST_KEY_UILaunchScreen_Generation[sdk=iphonesimulator*]" = YES;
				"INFOPLIST_KEY_UIStatusBarStyle[sdk=iphoneos*]" = UIStatusBarStyleDefault;
				"INFOPLIST_KEY_UIStatusBarStyle[sdk=iphonesimulator*]" = UIStatusBarStyleDefault;
				INFOPLIST_KEY_UISupportedInterfaceOrientations_iPad = "UIInterfaceOrientationPortrait UIInterfaceOrientationPortraitUpsideDown UIInterfaceOrientationLandscapeLeft UIInterfaceOrientationLandscapeRight";
				INFOPLIST_KEY_UISupportedInterfaceOrientations_iPhone = "UIInterfaceOrientationPortrait UIInterfaceOrientationLandscapeLeft UIInterfaceOrientationLandscapeRight";
				IPHONEOS_DEPLOYMENT_TARGET = 17.5;
				LD_RUNPATH_SEARCH_PATHS = "@executable_path/Frameworks";
				"LD_RUNPATH_SEARCH_PATHS[sdk=macosx*]" = "@executable_path/../Frameworks";
				MACOSX_DEPLOYMENT_TARGET = 14.5;
				MARKETING_VERSION = 1.0;
				PRODUCT_BUNDLE_IDENTIFIER = org.jk.LifeManager;
				PRODUCT_NAME = "$(TARGET_NAME)";
				SDKROOT = auto;
				SUPPORTED_PLATFORMS = "iphoneos iphonesimulator macosx";
				SWIFT_EMIT_LOC_STRINGS = YES;
				SWIFT_VERSION = 5.0;
				TARGETED_DEVICE_FAMILY = "1,2";
			};
			name = Release;
		};
/* End XCBuildConfiguration section */

/* Begin XCConfigurationList section */
		E7BF902B2C1E1BF3002A61CC /* Build configuration list for PBXProject "LifeManager" */ = {
			isa = XCConfigurationList;
			buildConfigurations = (
				E7BF903D2C1E1BF4002A61CC /* Debug */,
				E7BF903E2C1E1BF4002A61CC /* Release */,
			);
			defaultConfigurationIsVisible = 0;
			defaultConfigurationName = Release;
		};
		E7BF903F2C1E1BF4002A61CC /* Build configuration list for PBXNativeTarget "LifeManager" */ = {
			isa = XCConfigurationList;
			buildConfigurations = (
				E7BF90402C1E1BF4002A61CC /* Debug */,
				E7BF90412C1E1BF4002A61CC /* Release */,
			);
			defaultConfigurationIsVisible = 0;
			defaultConfigurationName = Release;
		};
/* End XCConfigurationList section */
	};
	rootObject = E7BF90282C1E1BF3002A61CC /* Project object */;
}
